
Microsoft Visual Studio Solution File, Format Version 12.00
# Visual Studio Version 17
VisualStudioVersion = 17.6.33723.286
MinimumVisualStudioVersion = 10.0.40219.1
Project("{FAE04EC0-301F-11D3-BF4B-00C04F79EFBC}") = "cross-market-ai-draft", "..\cross-market-ai-draft\cross-market-ai-draft.csproj", "{2F53B37B-428E-43EA-9F74-A7F78FF9E6A4}"
EndProject
Global
	GlobalSection(SolutionConfigurationPlatforms) = preSolution
		Debug|Any CPU = Debug|Any CPU
		Release|Any CPU = Release|Any CPU
	EndGlobalSection
	GlobalSection(ProjectConfigurationPlatforms) = postSolution
		{2F53B37B-428E-43EA-9F74-A7F78FF9E6A4}.Debug|Any CPU.ActiveCfg = Debug|Any CPU
		{2F53B37B-428E-43EA-9F74-A7F78FF9E6A4}.Debug|Any CPU.Build.0 = Debug|Any CPU
		{2F53B37B-428E-43EA-9F74-A7F78FF9E6A4}.Release|Any CPU.ActiveCfg = Release|Any CPU
		{2F53B37B-428E-43EA-9F74-A7F78FF9E6A4}.Release|Any CPU.Build.0 = Release|Any CPU
	EndGlobalSection
	GlobalSection(SolutionProperties) = preSolution
		HideSolutionNode = FALSE
	EndGlobalSection
	GlobalSection(ExtensibilityGlobals) = postSolution
		SolutionGuid = {282C96B4-29F0-4B52-9AF8-FB82690AC4FC}
	EndGlobalSection
EndGlobal
